version = 1
revision = 3
requires-python = ">=3.12"

[manifest]
members = [
    "renovate-uv-workspaces",
    "subproject",
]

[[package]]
name = "numpy"
version = "2.0.0"
source = { registry = "https://pypi.org/simple" }
sdist = { url = "https://files.pythonhosted.org/packages/05/35/fb1ada118002df3fe91b5c3b28bc0d90f879b881a5d8f68b1f9b79c44bfe/numpy-2.0.0.tar.gz", hash = "sha256:cf5d1c9e6837f8af9f92b6bd3e86d513cdc11f60fd62185cc49ec7d1aba34864", size = 18326228, upload-time = "2024-06-16T13:24:44.066Z" }
wheels = [
    { url = "https://files.pythonhosted.org/packages/b7/c8/899826a2d5c94f607f5e4a6f1a0e8b07c8fea3a5b674c5706115b8aad9bb/numpy-2.0.0-cp312-cp312-macosx_10_9_x86_64.whl", hash = "sha256:354f373279768fa5a584bac997de6a6c9bc535c482592d7a813bb0c09be6c76f", size = 20944792, upload-time = "2024-06-16T13:13:55.491Z" },
    { url = "https://files.pythonhosted.org/packages/fe/ec/8ae7750d33565769c8bb7ba925d4e73ecb2de6cd8eaa6fd527fbd52797ee/numpy-2.0.0-cp312-cp312-macosx_11_0_arm64.whl", hash = "sha256:4d2f62e55a4cd9c58c1d9a1c9edaedcd857a73cb6fda875bf79093f9d9086f85", size = 13042186, upload-time = "2024-06-16T13:14:16.537Z" },
    { url = "https://files.pythonhosted.org/packages/3f/ab/1dc9f176d3084a2546cf76eb213dc61586d015ef59b3b17947b0e40038af/numpy-2.0.0-cp312-cp312-macosx_14_0_arm64.whl", hash = "sha256:1e72728e7501a450288fc8e1f9ebc73d90cfd4671ebbd631f3e7857c39bd16f2", size = 4977729, upload-time = "2024-06-16T13:14:26.805Z" },
    { url = "https://files.pythonhosted.org/packages/a0/97/61ed64cedc1b94a7939e3ab3db587822320d90a77bef70fcb586ea7c1931/numpy-2.0.0-cp312-cp312-macosx_14_0_x86_64.whl", hash = "sha256:84554fc53daa8f6abf8e8a66e076aff6ece62de68523d9f665f32d2fc50fd66e", size = 6610230, upload-time = "2024-06-16T13:14:38.126Z" },
    { url = "https://files.pythonhosted.org/packages/bb/31/1f050169270d51ef0346d4c84c7df1c45af16ea304ed5f7151584788d32e/numpy-2.0.0-cp312-cp312-manylinux_2_17_aarch64.manylinux2014_aarch64.whl", hash = "sha256:c73aafd1afca80afecb22718f8700b40ac7cab927b8abab3c3e337d70e10e5a2", size = 13619789, upload-time = "2024-06-16T13:14:59.212Z" },
    { url = "https://files.pythonhosted.org/packages/28/95/b56fc6b2abe37c03923b50415df483cf93e09e7438872280a5486131d804/numpy-2.0.0-cp312-cp312-manylinux_2_17_x86_64.manylinux2014_x86_64.whl", hash = "sha256:49d9f7d256fbc804391a7f72d4a617302b1afac1112fac19b6c6cec63fe7fe8a", size = 18993635, upload-time = "2024-06-16T13:15:27.886Z" },
    { url = "https://files.pythonhosted.org/packages/df/16/4c165a5194fc70e4a131f8db463e6baf34e0d191ed35d40a161ee4c885d4/numpy-2.0.0-cp312-cp312-musllinux_1_1_x86_64.whl", hash = "sha256:0ec84b9ba0654f3b962802edc91424331f423dcf5d5f926676e0150789cb3d95", size = 19408219, upload-time = "2024-06-16T13:15:57.141Z" },
    { url = "https://files.pythonhosted.org/packages/00/4c/440bad868bd3aff4fe4e293175a20da70cddff8674b3654eb2f112868ccf/numpy-2.0.0-cp312-cp312-musllinux_1_2_aarch64.whl", hash = "sha256:feff59f27338135776f6d4e2ec7aeeac5d5f7a08a83e80869121ef8164b74af9", size = 14101574, upload-time = "2024-06-16T13:16:19.435Z" },
    { url = "https://files.pythonhosted.org/packages/26/18/49f1e851f4157198c50f67ea3462797283aa36dd4b0c24b15f63e8118481/numpy-2.0.0-cp312-cp312-win32.whl", hash = "sha256:c5a59996dc61835133b56a32ebe4ef3740ea5bc19b3983ac60cc32be5a665d54", size = 6060205, upload-time = "2024-06-16T13:16:31.337Z" },
    { url = "https://files.pythonhosted.org/packages/ad/9c/4a93b8e395b755c53628573d75d7b21985d9a0f416e978d637084ccc8ec3/numpy-2.0.0-cp312-cp312-win_amd64.whl", hash = "sha256:a356364941fb0593bb899a1076b92dfa2029f6f5b8ba88a14fd0984aaf76d0df", size = 16208660, upload-time = "2024-06-16T13:16:58.208Z" },
]

[[package]]
name = "renovate-uv-workspaces"
version = "0.1.0"
source = { virtual = "." }
dependencies = [
    { name = "numpy" },
]

[package.metadata]
requires-dist = [{ name = "numpy" }]

[[package]]
name = "subproject"
version = "0.1.0"
source = { virtual = "subproject" }
